
Microsoft Visual Studio Solution File, Format Version 12.00
# Visual Studio 15
VisualStudioVersion = 15.0.27004.2009
MinimumVisualStudioVersion = 10.0.40219.1
Project("{8BC9CEB8-8B4A-11D0-8D11-00A0C91BC942}") = "Client", "Client\Client.vcxproj", "{D4653FE2-4D68-4F9D-9B70-24092A0D24A4}"
EndProject
Project("{8BC9CEB8-8B4A-11D0-8D11-00A0C91BC942}") = "Server", "Server\Server.vcxproj", "{76AF9EE5-C086-47CD-8974-23DAC61C73FD}"
EndProject
Project("{FAE04EC0-301F-11D3-BF4B-00C04F79EFBC}") = "Server_gui", "Server_gui\Server_gui.csproj", "{35ED1433-EEAD-4EAB-A68E-7EC2DFF034EF}"
EndProject
Project("{FAE04EC0-301F-11D3-BF4B-00C04F79EFBC}") = "Client_gui", "Client_gui\Client_gui.csproj", "{313F9488-53E4-4C27-B5B7-1F3367551D94}"
EndProject
Global
	GlobalSection(SolutionConfigurationPlatforms) = preSolution
		Debug|Any CPU = Debug|Any CPU
		Debug|x64 = Debug|x64
		Debug|x86 = Debug|x86
		Release|Any CPU = Release|Any CPU
		Release|x64 = Release|x64
		Release|x86 = Release|x86
	EndGlobalSection
	GlobalSection(ProjectConfigurationPlatforms) = postSolution
		{D4653FE2-4D68-4F9D-9B70-24092A0D24A4}.Debug|Any CPU.ActiveCfg = Debug|Win32
		{D4653FE2-4D68-4F9D-9B70-24092A0D24A4}.Debug|x64.ActiveCfg = Debug|x64
		{D4653FE2-4D68-4F9D-9B70-24092A0D24A4}.Debug|x64.Build.0 = Debug|x64
		{D4653FE2-4D68-4F9D-9B70-24092A0D24A4}.Debug|x86.ActiveCfg = Debug|Win32
		{D4653FE2-4D68-4F9D-9B70-24092A0D24A4}.Debug|x86.Build.0 = Debug|Win32
		{D4653FE2-4D68-4F9D-9B70-24092A0D24A4}.Release|Any CPU.ActiveCfg = Release|Win32
		{D4653FE2-4D68-4F9D-9B70-24092A0D24A4}.Release|x64.ActiveCfg = Release|x64
		{D4653FE2-4D68-4F9D-9B70-24092A0D24A4}.Release|x64.Build.0 = Release|x64
		{D4653FE2-4D68-4F9D-9B70-24092A0D24A4}.Release|x86.ActiveCfg = Release|Win32
		{D4653FE2-4D68-4F9D-9B70-24092A0D24A4}.Release|x86.Build.0 = Release|Win32
		{76AF9EE5-C086-47CD-8974-23DAC61C73FD}.Debug|Any CPU.ActiveCfg = Debug|Win32
		{76AF9EE5-C086-47CD-8974-23DAC61C73FD}.Debug|x64.ActiveCfg = Debug|x64
		{76AF9EE5-C086-47CD-8974-23DAC61C73FD}.Debug|x64.Build.0 = Debug|x64
		{76AF9EE5-C086-47CD-8974-23DAC61C73FD}.Debug|x86.ActiveCfg = Debug|Win32
		{76AF9EE5-C086-47CD-8974-23DAC61C73FD}.Debug|x86.Build.0 = Debug|Win32
		{76AF9EE5-C086-47CD-8974-23DAC61C73FD}.Release|Any CPU.ActiveCfg = Release|Win32
		{76AF9EE5-C086-47CD-8974-23DAC61C73FD}.Release|x64.ActiveCfg = Release|x64
		{76AF9EE5-C086-47CD-8974-23DAC61C73FD}.Release|x64.Build.0 = Release|x64
		{76AF9EE5-C086-47CD-8974-23DAC61C73FD}.Release|x86.ActiveCfg = Release|Win32
		{76AF9EE5-C086-47CD-8974-23DAC61C73FD}.Release|x86.Build.0 = Release|Win32
		{35ED1433-EEAD-4EAB-A68E-7EC2DFF034EF}.Debug|Any CPU.ActiveCfg = Debug|Any CPU
		{35ED1433-EEAD-4EAB-A68E-7EC2DFF034EF}.Debug|Any CPU.Build.0 = Debug|Any CPU
		{35ED1433-EEAD-4EAB-A68E-7EC2DFF034EF}.Debug|x64.ActiveCfg = Debug|Any CPU
		{35ED1433-EEAD-4EAB-A68E-7EC2DFF034EF}.Debug|x64.Build.0 = Debug|Any CPU
		{35ED1433-EEAD-4EAB-A68E-7EC2DFF034EF}.Debug|x86.ActiveCfg = Debug|Any CPU
		{35ED1433-EEAD-4EAB-A68E-7EC2DFF034EF}.Debug|x86.Build.0 = Debug|Any CPU
		{35ED1433-EEAD-4EAB-A68E-7EC2DFF034EF}.Release|Any CPU.ActiveCfg = Release|Any CPU
		{35ED1433-EEAD-4EAB-A68E-7EC2DFF034EF}.Release|Any CPU.Build.0 = Release|Any CPU
		{35ED1433-EEAD-4EAB-A68E-7EC2DFF034EF}.Release|x64.ActiveCfg = Release|Any CPU
		{35ED1433-EEAD-4EAB-A68E-7EC2DFF034EF}.Release|x64.Build.0 = Release|Any CPU
		{35ED1433-EEAD-4EAB-A68E-7EC2DFF034EF}.Release|x86.ActiveCfg = Release|Any CPU
		{35ED1433-EEAD-4EAB-A68E-7EC2DFF034EF}.Release|x86.Build.0 = Release|Any CPU
		{313F9488-53E4-4C27-B5B7-1F3367551D94}.Debug|Any CPU.ActiveCfg = Debug|Any CPU
		{313F9488-53E4-4C27-B5B7-1F3367551D94}.Debug|Any CPU.Build.0 = Debug|Any CPU
		{313F9488-53E4-4C27-B5B7-1F3367551D94}.Debug|x64.ActiveCfg = Debug|Any CPU
		{313F9488-53E4-4C27-B5B7-1F3367551D94}.Debug|x64.Build.0 = Debug|Any CPU
		{313F9488-53E4-4C27-B5B7-1F3367551D94}.Debug|x86.ActiveCfg = Debug|Any CPU
		{313F9488-53E4-4C27-B5B7-1F3367551D94}.Debug|x86.Build.0 = Debug|Any CPU
		{313F9488-53E4-4C27-B5B7-1F3367551D94}.Release|Any CPU.ActiveCfg = Release|Any CPU
		{313F9488-53E4-4C27-B5B7-1F3367551D94}.Release|Any CPU.Build.0 = Release|Any CPU
		{313F9488-53E4-4C27-B5B7-1F3367551D94}.Release|x64.ActiveCfg = Release|Any CPU
		{313F9488-53E4-4C27-B5B7-1F3367551D94}.Release|x64.Build.0 = Release|Any CPU
		{313F9488-53E4-4C27-B5B7-1F3367551D94}.Release|x86.ActiveCfg = Release|Any CPU
		{313F9488-53E4-4C27-B5B7-1F3367551D94}.Release|x86.Build.0 = Release|Any CPU
	EndGlobalSection
	GlobalSection(SolutionProperties) = preSolution
		HideSolutionNode = FALSE
	EndGlobalSection
	GlobalSection(ExtensibilityGlobals) = postSolution
		SolutionGuid = {3D657AE6-941C-43DB-84F4-D37FD6B4C170}
	EndGlobalSection
EndGlobal
